Microsoft Visual Studio Solution File, Format Version 12.00
# Visual Studio Version 17
VisualStudioVersion = 17.5.2.0
MinimumVisualStudioVersion = 10.0.40219.1
Project("{FAE04EC0-301F-11D3-BF4B-00C04F79EFBC}") = "Webshopping", "Webshopping.csproj", "{92F35304-320B-653B-CD43-4BDC832B8608}"
EndProject
Global
	GlobalSection(SolutionConfigurationPlatforms) = preSolution
		Debug|Any CPU = Debug|Any CPU
		Release|Any CPU = Release|Any CPU
	EndGlobalSection
	GlobalSection(ProjectConfigurationPlatforms) = postSolution
		{92F35304-320B-653B-CD43-4BDC832B8608}.Debug|Any CPU.ActiveCfg = Debug|Any CPU
		{92F35304-320B-653B-CD43-4BDC832B8608}.Debug|Any CPU.Build.0 = Debug|Any CPU
		{92F35304-320B-653B-CD43-4BDC832B8608}.Release|Any CPU.ActiveCfg = Release|Any CPU
		{92F35304-320B-653B-CD43-4BDC832B8608}.Release|Any CPU.Build.0 = Release|Any CPU
	EndGlobalSection
	GlobalSection(SolutionProperties) = preSolution
		HideSolutionNode = FALSE
	EndGlobalSection
	GlobalSection(ExtensibilityGlobals) = postSolution
		SolutionGuid = {1CB146F1-B16D-4CC0-AA50-CFD255597050}
	EndGlobalSection
EndGlobal
